
Microsoft Visual Studio Solution File, Format Version 12.00
# Visual Studio Version 17
VisualStudioVersion = 17.12.35527.113 d17.12
MinimumVisualStudioVersion = 10.0.40219.1
Project("{FAE04EC0-301F-11D3-BF4B-00C04F79EFBC}") = "yol arkadasım pratik", "yol arkadasım pratik\yol arkadasım pratik.csproj", "{BE50FC43-0007-4C49-B3DC-17A7E4E03545}"
EndProject
Global
	GlobalSection(SolutionConfigurationPlatforms) = preSolution
		Debug|Any CPU = Debug|Any CPU
		Release|Any CPU = Release|Any CPU
	EndGlobalSection
	GlobalSection(ProjectConfigurationPlatforms) = postSolution
		{BE50FC43-0007-4C49-B3DC-17A7E4E03545}.Debug|Any CPU.ActiveCfg = Debug|Any CPU
		{BE50FC43-0007-4C49-B3DC-17A7E4E03545}.Debug|Any CPU.Build.0 = Debug|Any CPU
		{BE50FC43-0007-4C49-B3DC-17A7E4E03545}.Release|Any CPU.ActiveCfg = Release|Any CPU
		{BE50FC43-0007-4C49-B3DC-17A7E4E03545}.Release|Any CPU.Build.0 = Release|Any CPU
	EndGlobalSection
	GlobalSection(SolutionProperties) = preSolution
		HideSolutionNode = FALSE
	EndGlobalSection
EndGlobal
